
Microsoft Visual Studio Solution File, Format Version 12.00
# Visual Studio Version 17
VisualStudioVersion = 17.5.33530.505
MinimumVisualStudioVersion = 10.0.40219.1
Project("{9A19103F-16F7-4668-BE54-9A1E7A4F7556}") = "Algo", "Algo\Algo.csproj", "{F824B8C9-983F-413B-BABA-F565BF1836DE}"
EndProject
Project("{9A19103F-16F7-4668-BE54-9A1E7A4F7556}") = "BrokenAPI", "BrokenAPI\BrokenAPI.csproj", "{E17BDB7F-69D4-40D8-9A19-3B57BE921493}"
EndProject
Project("{FAE04EC0-301F-11D3-BF4B-00C04F79EFBC}") = "UserInterfaceWeb", "UserInterfaceWeb\UserInterfaceWeb.csproj", "{515F4CC5-DEDF-4388-B970-A6BBA665B822}"
EndProject
Global
	GlobalSection(SolutionConfigurationPlatforms) = preSolution
		Debug|Any CPU = Debug|Any CPU
		Release|Any CPU = Release|Any CPU
	EndGlobalSection
	GlobalSection(ProjectConfigurationPlatforms) = postSolution
		{F824B8C9-983F-413B-BABA-F565BF1836DE}.Debug|Any CPU.ActiveCfg = Debug|Any CPU
		{F824B8C9-983F-413B-BABA-F565BF1836DE}.Debug|Any CPU.Build.0 = Debug|Any CPU
		{F824B8C9-983F-413B-BABA-F565BF1836DE}.Release|Any CPU.ActiveCfg = Release|Any CPU
		{F824B8C9-983F-413B-BABA-F565BF1836DE}.Release|Any CPU.Build.0 = Release|Any CPU
		{E17BDB7F-69D4-40D8-9A19-3B57BE921493}.Debug|Any CPU.ActiveCfg = Debug|Any CPU
		{E17BDB7F-69D4-40D8-9A19-3B57BE921493}.Debug|Any CPU.Build.0 = Debug|Any CPU
		{E17BDB7F-69D4-40D8-9A19-3B57BE921493}.Release|Any CPU.ActiveCfg = Release|Any CPU
		{E17BDB7F-69D4-40D8-9A19-3B57BE921493}.Release|Any CPU.Build.0 = Release|Any CPU
		{515F4CC5-DEDF-4388-B970-A6BBA665B822}.Debug|Any CPU.ActiveCfg = Debug|Any CPU
		{515F4CC5-DEDF-4388-B970-A6BBA665B822}.Debug|Any CPU.Build.0 = Debug|Any CPU
		{515F4CC5-DEDF-4388-B970-A6BBA665B822}.Release|Any CPU.ActiveCfg = Release|Any CPU
		{515F4CC5-DEDF-4388-B970-A6BBA665B822}.Release|Any CPU.Build.0 = Release|Any CPU
	EndGlobalSection
	GlobalSection(SolutionProperties) = preSolution
		HideSolutionNode = FALSE
	EndGlobalSection
	GlobalSection(ExtensibilityGlobals) = postSolution
		SolutionGuid = {FE332B4F-BB4D-424B-A384-E86EC0B7C95E}
	EndGlobalSection
EndGlobal
